
Microsoft Visual Studio Solution File, Format Version 12.00
# Visual Studio Version 16
VisualStudioVersion = 16.0.30717.126
MinimumVisualStudioVersion = 10.0.40219.1
Project("{FAE04EC0-301F-11D3-BF4B-00C04F79EFBC}") = "PacManUI", "PacManUI\PacManUI.csproj", "{C10AB1EB-54B5-42D5-98B5-5E8B9AB4A507}"
EndProject
Project("{8BC9CEB8-8B4A-11D0-8D11-00A0C91BC942}") = "PacManCore", "PacManCore\PacManCore.vcxproj", "{A8484D46-F7A3-4E52-8700-AB7971848394}"
EndProject
Project("{FAE04EC0-301F-11D3-BF4B-00C04F79EFBC}") = "PacManCoreTest", "PacManCoreTest\PacManCoreTest.csproj", "{3858F0CC-EAD5-42A3-8F73-516F646237DF}"
EndProject
Global
	GlobalSection(SolutionConfigurationPlatforms) = preSolution
		Debug|Any CPU = Debug|Any CPU
		Debug|x64 = Debug|x64
		Debug|x86 = Debug|x86
		Release|Any CPU = Release|Any CPU
		Release|x64 = Release|x64
		Release|x86 = Release|x86
	EndGlobalSection
	GlobalSection(ProjectConfigurationPlatforms) = postSolution
		{C10AB1EB-54B5-42D5-98B5-5E8B9AB4A507}.Debug|Any CPU.ActiveCfg = Debug|Any CPU
		{C10AB1EB-54B5-42D5-98B5-5E8B9AB4A507}.Debug|Any CPU.Build.0 = Debug|Any CPU
		{C10AB1EB-54B5-42D5-98B5-5E8B9AB4A507}.Debug|x64.ActiveCfg = Debug|Any CPU
		{C10AB1EB-54B5-42D5-98B5-5E8B9AB4A507}.Debug|x64.Build.0 = Debug|Any CPU
		{C10AB1EB-54B5-42D5-98B5-5E8B9AB4A507}.Debug|x86.ActiveCfg = Debug|Any CPU
		{C10AB1EB-54B5-42D5-98B5-5E8B9AB4A507}.Debug|x86.Build.0 = Debug|Any CPU
		{C10AB1EB-54B5-42D5-98B5-5E8B9AB4A507}.Release|Any CPU.ActiveCfg = Release|Any CPU
		{C10AB1EB-54B5-42D5-98B5-5E8B9AB4A507}.Release|Any CPU.Build.0 = Release|Any CPU
		{C10AB1EB-54B5-42D5-98B5-5E8B9AB4A507}.Release|x64.ActiveCfg = Release|Any CPU
		{C10AB1EB-54B5-42D5-98B5-5E8B9AB4A507}.Release|x64.Build.0 = Release|Any CPU
		{C10AB1EB-54B5-42D5-98B5-5E8B9AB4A507}.Release|x86.ActiveCfg = Release|Any CPU
		{C10AB1EB-54B5-42D5-98B5-5E8B9AB4A507}.Release|x86.Build.0 = Release|Any CPU
		{A8484D46-F7A3-4E52-8700-AB7971848394}.Debug|Any CPU.ActiveCfg = Debug|Win32
		{A8484D46-F7A3-4E52-8700-AB7971848394}.Debug|Any CPU.Build.0 = Debug|Win32
		{A8484D46-F7A3-4E52-8700-AB7971848394}.Debug|x64.ActiveCfg = Debug|x64
		{A8484D46-F7A3-4E52-8700-AB7971848394}.Debug|x64.Build.0 = Debug|x64
		{A8484D46-F7A3-4E52-8700-AB7971848394}.Debug|x86.ActiveCfg = Debug|Win32
		{A8484D46-F7A3-4E52-8700-AB7971848394}.Debug|x86.Build.0 = Debug|Win32
		{A8484D46-F7A3-4E52-8700-AB7971848394}.Release|Any CPU.ActiveCfg = Release|Win32
		{A8484D46-F7A3-4E52-8700-AB7971848394}.Release|Any CPU.Build.0 = Release|Win32
		{A8484D46-F7A3-4E52-8700-AB7971848394}.Release|x64.ActiveCfg = Release|x64
		{A8484D46-F7A3-4E52-8700-AB7971848394}.Release|x64.Build.0 = Release|x64
		{A8484D46-F7A3-4E52-8700-AB7971848394}.Release|x86.ActiveCfg = Release|Win32
		{A8484D46-F7A3-4E52-8700-AB7971848394}.Release|x86.Build.0 = Release|Win32
		{3858F0CC-EAD5-42A3-8F73-516F646237DF}.Debug|Any CPU.ActiveCfg = Debug|Any CPU
		{3858F0CC-EAD5-42A3-8F73-516F646237DF}.Debug|Any CPU.Build.0 = Debug|Any CPU
		{3858F0CC-EAD5-42A3-8F73-516F646237DF}.Debug|x64.ActiveCfg = Debug|Any CPU
		{3858F0CC-EAD5-42A3-8F73-516F646237DF}.Debug|x64.Build.0 = Debug|Any CPU
		{3858F0CC-EAD5-42A3-8F73-516F646237DF}.Debug|x86.ActiveCfg = Debug|Any CPU
		{3858F0CC-EAD5-42A3-8F73-516F646237DF}.Debug|x86.Build.0 = Debug|Any CPU
		{3858F0CC-EAD5-42A3-8F73-516F646237DF}.Release|Any CPU.ActiveCfg = Release|Any CPU
		{3858F0CC-EAD5-42A3-8F73-516F646237DF}.Release|x64.ActiveCfg = Release|Any CPU
		{3858F0CC-EAD5-42A3-8F73-516F646237DF}.Release|x64.Build.0 = Release|Any CPU
		{3858F0CC-EAD5-42A3-8F73-516F646237DF}.Release|x86.ActiveCfg = Release|Any CPU
		{3858F0CC-EAD5-42A3-8F73-516F646237DF}.Release|x86.Build.0 = Release|Any CPU
	EndGlobalSection
	GlobalSection(SolutionProperties) = preSolution
		HideSolutionNode = FALSE
	EndGlobalSection
	GlobalSection(ExtensibilityGlobals) = postSolution
		SolutionGuid = {C105DDCA-02B1-4CC9-B397-557CF9801864}
	EndGlobalSection
EndGlobal
