<?xml version="1.0" encoding="utf-8"?>
<Project ToolsVersion="4.0" xmlns="http://schemas.microsoft.com/developer/msbuild/2003">
  <ItemGroup>
    <Filter Include="源文件">
      <UniqueIdentifier>{4FC737F1-C7A5-4376-A066-2A32D752A2FF}</UniqueIdentifier>
      <Extensions>cpp;c;cc;cxx;c++;cppm;ixx;def;odl;idl;hpj;bat;asm;asmx</Extensions>
    </Filter>
    <Filter Include="头文件">
      <UniqueIdentifier>{93995380-89BD-4b04-88EB-625FBE52EBFB}</UniqueIdentifier>
      <Extensions>h;hh;hpp;hxx;h++;hm;inl;inc;ipp;xsd</Extensions>
    </Filter>
    <Filter Include="单元测试">
      <UniqueIdentifier>{de6383d1-baab-40ba-9324-26542b627bec}</UniqueIdentifier>
    </Filter>
  </ItemGroup>
  <ItemGroup>
    <None Include="Source.def">
      <Filter>源文件</Filter>
    </None>
  </ItemGroup>
  <ItemGroup>
    <ClInclude Include="include\Disjointset.h">
      <Filter>头文件</Filter>
    </ClInclude>
    <ClInclude Include="include\Enemy.h">
      <Filter>头文件</Filter>
    </ClInclude>
    <ClInclude Include="include\GameController.h">
      <Filter>头文件</Filter>
    </ClInclude>
    <ClInclude Include="include\MapGenerator.h">
      <Filter>头文件</Filter>
    </ClInclude>
    <ClInclude Include="include\Movable.h">
      <Filter>头文件</Filter>
    </ClInclude>
    <ClInclude Include="include\Player.h">
      <Filter>头文件</Filter>
    </ClInclude>
    <ClInclude Include="include\utils.h">
      <Filter>头文件</Filter>
    </ClInclude>
    <ClInclude Include="include\framework.h">
      <Filter>头文件</Filter>
    </ClInclude>
  </ItemGroup>
  <ItemGroup>
    <ClCompile Include="tests\Test.cpp">
      <Filter>单元测试</Filter>
    </ClCompile>
    <ClCompile Include="src\Disjointset.cpp">
      <Filter>源文件</Filter>
    </ClCompile>
    <ClCompile Include="src\dllmain.cpp">
      <Filter>源文件</Filter>
    </ClCompile>
    <ClCompile Include="src\Enemy.cpp">
      <Filter>源文件</Filter>
    </ClCompile>
    <ClCompile Include="src\Export.cpp">
      <Filter>源文件</Filter>
    </ClCompile>
    <ClCompile Include="src\GameController.cpp">
      <Filter>源文件</Filter>
    </ClCompile>
    <ClCompile Include="src\Map.cpp">
      <Filter>源文件</Filter>
    </ClCompile>
    <ClCompile Include="src\MapGenerator.cpp">
      <Filter>源文件</Filter>
    </ClCompile>
    <ClCompile Include="src\Player.cpp">
      <Filter>源文件</Filter>
    </ClCompile>
  </ItemGroup>
</Project>